
Microsoft Visual Studio Solution File, Format Version 12.00
# Visual Studio Version 17
VisualStudioVersion = 17.0.31903.59
MinimumVisualStudioVersion = 10.0.40219.1
Project("{FAE04EC0-301F-11D3-BF4B-00C04F79EFBC}") = "API", "API\API.csproj", "{5EEFE930-6740-4AF8-9C2A-AE31E425F18E}"
EndProject
Project("{FAE04EC0-301F-11D3-BF4B-00C04F79EFBC}") = "Core", "Core\Core.csproj", "{C4B754A3-E876-43FE-98EF-C5D8227C51D3}"
EndProject
Project("{FAE04EC0-301F-11D3-BF4B-00C04F79EFBC}") = "Infrastructure", "Infrastructure\Infrastructure.csproj", "{28D31B4A-93FF-44D2-B40D-D2BCDEE08F3C}"
EndProject
Global
	GlobalSection(SolutionConfigurationPlatforms) = preSolution
		Debug|Any CPU = Debug|Any CPU
		Release|Any CPU = Release|Any CPU
	EndGlobalSection
	GlobalSection(SolutionProperties) = preSolution
		HideSolutionNode = FALSE
	EndGlobalSection
	GlobalSection(ProjectConfigurationPlatforms) = postSolution
		{5EEFE930-6740-4AF8-9C2A-AE31E425F18E}.Debug|Any CPU.ActiveCfg = Debug|Any CPU
		{5EEFE930-6740-4AF8-9C2A-AE31E425F18E}.Debug|Any CPU.Build.0 = Debug|Any CPU
		{5EEFE930-6740-4AF8-9C2A-AE31E425F18E}.Release|Any CPU.ActiveCfg = Release|Any CPU
		{5EEFE930-6740-4AF8-9C2A-AE31E425F18E}.Release|Any CPU.Build.0 = Release|Any CPU
		{C4B754A3-E876-43FE-98EF-C5D8227C51D3}.Debug|Any CPU.ActiveCfg = Debug|Any CPU
		{C4B754A3-E876-43FE-98EF-C5D8227C51D3}.Debug|Any CPU.Build.0 = Debug|Any CPU
		{C4B754A3-E876-43FE-98EF-C5D8227C51D3}.Release|Any CPU.ActiveCfg = Release|Any CPU
		{C4B754A3-E876-43FE-98EF-C5D8227C51D3}.Release|Any CPU.Build.0 = Release|Any CPU
		{28D31B4A-93FF-44D2-B40D-D2BCDEE08F3C}.Debug|Any CPU.ActiveCfg = Debug|Any CPU
		{28D31B4A-93FF-44D2-B40D-D2BCDEE08F3C}.Debug|Any CPU.Build.0 = Debug|Any CPU
		{28D31B4A-93FF-44D2-B40D-D2BCDEE08F3C}.Release|Any CPU.ActiveCfg = Release|Any CPU
		{28D31B4A-93FF-44D2-B40D-D2BCDEE08F3C}.Release|Any CPU.Build.0 = Release|Any CPU
	EndGlobalSection
EndGlobal
